
Microsoft Visual Studio Solution File, Format Version 12.00
# Visual Studio Version 17
VisualStudioVersion = 17.0.31903.59
MinimumVisualStudioVersion = 10.0.40219.1
Project("{FAE04EC0-301F-11D3-BF4B-00C04F79EFBC}") = "Wanderlust.Services.Travels.Api", "Wanderlust.Services.Travels.Api\Wanderlust.Services.Travels.Api.csproj", "{BB85FEEE-1608-4420-88C6-9456643CDEE8}"
EndProject
Project("{2150E333-8FDC-42A3-9474-1A3956D46DE8}") = "Wanderlust.Services.Travels", "Wanderlust.Services.Travels", "{B5461090-B030-43A4-BFF7-B76CE2A04FDC}"
EndProject
Global
	GlobalSection(SolutionConfigurationPlatforms) = preSolution
		Debug|Any CPU = Debug|Any CPU
		Release|Any CPU = Release|Any CPU
	EndGlobalSection
	GlobalSection(ProjectConfigurationPlatforms) = postSolution
		{BB85FEEE-1608-4420-88C6-9456643CDEE8}.Debug|Any CPU.ActiveCfg = Debug|Any CPU
		{BB85FEEE-1608-4420-88C6-9456643CDEE8}.Debug|Any CPU.Build.0 = Debug|Any CPU
		{BB85FEEE-1608-4420-88C6-9456643CDEE8}.Release|Any CPU.ActiveCfg = Release|Any CPU
		{BB85FEEE-1608-4420-88C6-9456643CDEE8}.Release|Any CPU.Build.0 = Release|Any CPU
	EndGlobalSection
	GlobalSection(SolutionProperties) = preSolution
		HideSolutionNode = FALSE
	EndGlobalSection
	GlobalSection(NestedProjects) = preSolution
		{BB85FEEE-1608-4420-88C6-9456643CDEE8} = {B5461090-B030-43A4-BFF7-B76CE2A04FDC}
	EndGlobalSection
	GlobalSection(ExtensibilityGlobals) = postSolution
		SolutionGuid = {852B5C73-B331-4D05-80DD-B3D9A2EFBF53}
	EndGlobalSection
EndGlobal
